lockfileVersion: 5.3

specifiers:
  '@types/adm-zip': ^0.4.34
  '@types/node': ^17.0.23
  adm-zip: ^0.5.9

dependencies:
  adm-zip: 0.5.9

devDependencies:
  '@types/adm-zip': 0.4.34
  '@types/node': 17.0.23

packages:

  /@types/adm-zip/0.4.34:
    resolution: {integrity: sha512-8ToYLLAYhkRfcmmljrKi22gT2pqu7hGMDtORP1emwIEGmgUTZOsaDjzWFzW5N2frcFRz/50CWt4zA1CxJ73pmQ==}
    dependencies:
      '@types/node': 17.0.23
    dev: true

  /@types/node/17.0.23:
    resolution: {integrity: sha512-UxDxWn7dl97rKVeVS61vErvw086aCYhDLyvRQZ5Rk65rZKepaFdm53GeqXaKBuOhED4e9uWq34IC3TdSdJJ2Gw==}
    dev: true

  /adm-zip/0.5.9:
    resolution: {integrity: sha512-s+3fXLkeeLjZ2kLjCBwQufpI5fuN+kIGBxu6530nVQZGVol0d7Y/M88/xw9HGGUcJjKf8LutN3VPRUBq6N7Ajg==}
    engines: {node: '>=6.0'}
    dev: false
